<?xml version="1.0" encoding="utf-8"?>
<Project ToolsVersion="4.0" xmlns="http://schemas.microsoft.com/developer/msbuild/2003">
  <ItemGroup>
    <Filter Include="Source Files">
      <UniqueIdentifier>{4FC737F1-C7A5-4376-A066-2A32D752A2FF}</UniqueIdentifier>
      <Extensions>cpp;c;cc;cxx;def;odl;idl;hpj;bat;asm;asmx</Extensions>
    </Filter>
    <Filter Include="Header Files">
      <UniqueIdentifier>{93995380-89BD-4b04-88EB-625FBE52EBFB}</UniqueIdentifier>
      <Extensions>h;hh;hpp;hxx;hm;inl;inc;xsd</Extensions>
    </Filter>
    <Filter Include="Document Files">
      <UniqueIdentifier>{b239ec9f-db8a-40d2-9dcd-bb0313c2477f}</UniqueIdentifier>
      <Extensions>txt</Extensions>
    </Filter>
    <Filter Include="Shader Files">
      <UniqueIdentifier>{5c5d9556-ec01-447d-97f1-12aa7f8cc756}</UniqueIdentifier>
      <Extensions>glsl</Extensions>
    </Filter>
    <Filter Include="Header Files\Rendering">
      <UniqueIdentifier>{3024f970-952c-419d-a67d-454831a7d72e}</UniqueIdentifier>
    </Filter>
    <Filter Include="Source Files\Rendering">
      <UniqueIdentifier>{09e7b2db-1988-46d0-be2e-a514f5d94ae9}</UniqueIdentifier>
    </Filter>
    <Filter Include="Header Files\Rendering\Enums">
      <UniqueIdentifier>{46eeb10a-4163-4a7a-b009-eada918a829a}</UniqueIdentifier>
    </Filter>
    <Filter Include="Header Files\Utilities">
      <UniqueIdentifier>{8e8ad826-4eb7-45f6-acfb-ac99543106f4}</UniqueIdentifier>
    </Filter>
    <Filter Include="Source Files\Utilities">
      <UniqueIdentifier>{55da4e06-bc53-4b37-ae80-0817d528303d}</UniqueIdentifier>
    </Filter>
  </ItemGroup>
  <ItemGroup>
    <ClCompile Include="source\MyView.cpp">
      <Filter>Source Files</Filter>
    </ClCompile>
    <ClCompile Include="source\main.cpp">
      <Filter>Source Files</Filter>
    </ClCompile>
    <ClCompile Include="source\MyController.cpp">
      <Filter>Source Files</Filter>
    </ClCompile>
    <ClCompile Include="source\rendering\VertexArrayObject.cpp">
      <Filter>Source Files\Rendering</Filter>
    </ClCompile>
    <ClCompile Include="source\rendering\ShaderProgram.cpp">
      <Filter>Source Files\Rendering</Filter>
    </ClCompile>
    <ClCompile Include="source\rendering\Shader.cpp">
      <Filter>Source Files\Rendering</Filter>
    </ClCompile>
    <ClCompile Include="source\rendering\VertexBufferObject.cpp">
      <Filter>Source Files\Rendering</Filter>
    </ClCompile>
    <ClCompile Include="source\utilities\TimeQuery.cpp">
      <Filter>Source Files\Utilities</Filter>
    </ClCompile>
    <ClCompile Include="source\rendering\Texture.cpp">
      <Filter>Source Files\Rendering</Filter>
    </ClCompile>
    <ClCompile Include="source\rendering\FrameBufferObject.cpp">
      <Filter>Source Files\Rendering</Filter>
    </ClCompile>
    <ClCompile Include="source\rendering\PostProcessing.cpp">
      <Filter>Source Files\Rendering</Filter>
    </ClCompile>
  </ItemGroup>
  <ItemGroup>
    <ClInclude Include="source\MyView.hpp">
      <Filter>Header Files</Filter>
    </ClInclude>
    <ClInclude Include="source\MyController.hpp">
      <Filter>Header Files</Filter>
    </ClInclude>
    <ClInclude Include="source\rendering\VertexArrayObject.h">
      <Filter>Header Files\Rendering</Filter>
    </ClInclude>
    <ClInclude Include="source\rendering\VertexBufferObject.h">
      <Filter>Header Files\Rendering</Filter>
    </ClInclude>
    <ClInclude Include="source\rendering\ShaderProgram.h">
      <Filter>Header Files\Rendering</Filter>
    </ClInclude>
    <ClInclude Include="source\rendering\Shader.h">
      <Filter>Header Files\Rendering</Filter>
    </ClInclude>
    <ClInclude Include="source\rendering\enums\Buffer.h">
      <Filter>Header Files\Rendering\Enums</Filter>
    </ClInclude>
    <ClInclude Include="source\utilities\TimeQuery.h">
      <Filter>Header Files\Utilities</Filter>
    </ClInclude>
    <ClInclude Include="source\rendering\Texture.h">
      <Filter>Header Files\Rendering</Filter>
    </ClInclude>
    <ClInclude Include="source\rendering\FrameBufferObject.h">
      <Filter>Header Files\Rendering</Filter>
    </ClInclude>
    <ClInclude Include="source\rendering\enums\Mode.h">
      <Filter>Header Files\Rendering\Enums</Filter>
    </ClInclude>
    <ClInclude Include="source\rendering\PostProcessing.h">
      <Filter>Header Files\Rendering</Filter>
    </ClInclude>
    <ClInclude Include="source\rendering\enums\PostProcess.h">
      <Filter>Header Files\Rendering\Enums</Filter>
    </ClInclude>
  </ItemGroup>
  <ItemGroup>
    <None Include="shaders\post_vs.glsl">
      <Filter>Shader Files</Filter>
    </None>
    <None Include="shaders\anti_aliasing_fs.glsl">
      <Filter>Shader Files</Filter>
    </None>
    <None Include="shaders\cel_shading_fs.glsl">
      <Filter>Shader Files</Filter>
    </None>
    <None Include="shaders\environment_fs.glsl">
      <Filter>Shader Files</Filter>
    </None>
    <None Include="shaders\non_instanced_environment_vs.glsl">
      <Filter>Shader Files</Filter>
    </None>
    <None Include="shaders\instanced_environment_vs.glsl">
      <Filter>Shader Files</Filter>
    </None>
  </ItemGroup>
</Project>